
Microsoft Visual Studio Solution File, Format Version 12.00
# Visual Studio 15
VisualStudioVersion = 15.0.28307.421
MinimumVisualStudioVersion = 10.0.40219.1
Project("{9A19103F-16F7-4668-BE54-9A1E7A4F7556}") = "BusinessLogic", "BusinessLogic\BusinessLogic.csproj", "{A92C96A0-89B6-49E1-BF58-1521222E686C}"
EndProject
Project("{9A19103F-16F7-4668-BE54-9A1E7A4F7556}") = "Model", "Model\Model.csproj", "{A3A94B9F-E518-4761-A00F-4B6471F7BFE4}"
EndProject
Project("{9A19103F-16F7-4668-BE54-9A1E7A4F7556}") = "Repository", "Repository\Repository.csproj", "{0F62783B-D9BE-4326-A472-36066690662E}"
EndProject
Project("{9A19103F-16F7-4668-BE54-9A1E7A4F7556}") = "RESTService", "RESTService\RESTService.csproj", "{23245265-3515-4254-999C-C84BA9088D08}"
EndProject
Project("{FAE04EC0-301F-11D3-BF4B-00C04F79EFBC}") = "UnitTests", "UnitTests\UnitTests.csproj", "{3EA63341-AA34-469F-B41C-048FB8468B83}"
EndProject
Global
	GlobalSection(SolutionConfigurationPlatforms) = preSolution
		Debug|Any CPU = Debug|Any CPU
		Release|Any CPU = Release|Any CPU
	EndGlobalSection
	GlobalSection(ProjectConfigurationPlatforms) = postSolution
		{A92C96A0-89B6-49E1-BF58-1521222E686C}.Debug|Any CPU.ActiveCfg = Debug|Any CPU
		{A92C96A0-89B6-49E1-BF58-1521222E686C}.Debug|Any CPU.Build.0 = Debug|Any CPU
		{A92C96A0-89B6-49E1-BF58-1521222E686C}.Release|Any CPU.ActiveCfg = Release|Any CPU
		{A92C96A0-89B6-49E1-BF58-1521222E686C}.Release|Any CPU.Build.0 = Release|Any CPU
		{A3A94B9F-E518-4761-A00F-4B6471F7BFE4}.Debug|Any CPU.ActiveCfg = Debug|Any CPU
		{A3A94B9F-E518-4761-A00F-4B6471F7BFE4}.Debug|Any CPU.Build.0 = Debug|Any CPU
		{A3A94B9F-E518-4761-A00F-4B6471F7BFE4}.Release|Any CPU.ActiveCfg = Release|Any CPU
		{A3A94B9F-E518-4761-A00F-4B6471F7BFE4}.Release|Any CPU.Build.0 = Release|Any CPU
		{0F62783B-D9BE-4326-A472-36066690662E}.Debug|Any CPU.ActiveCfg = Debug|Any CPU
		{0F62783B-D9BE-4326-A472-36066690662E}.Debug|Any CPU.Build.0 = Debug|Any CPU
		{0F62783B-D9BE-4326-A472-36066690662E}.Release|Any CPU.ActiveCfg = Release|Any CPU
		{0F62783B-D9BE-4326-A472-36066690662E}.Release|Any CPU.Build.0 = Release|Any CPU
		{23245265-3515-4254-999C-C84BA9088D08}.Debug|Any CPU.ActiveCfg = Debug|Any CPU
		{23245265-3515-4254-999C-C84BA9088D08}.Debug|Any CPU.Build.0 = Debug|Any CPU
		{23245265-3515-4254-999C-C84BA9088D08}.Release|Any CPU.ActiveCfg = Release|Any CPU
		{23245265-3515-4254-999C-C84BA9088D08}.Release|Any CPU.Build.0 = Release|Any CPU
		{3EA63341-AA34-469F-B41C-048FB8468B83}.Debug|Any CPU.ActiveCfg = Debug|Any CPU
		{3EA63341-AA34-469F-B41C-048FB8468B83}.Debug|Any CPU.Build.0 = Debug|Any CPU
		{3EA63341-AA34-469F-B41C-048FB8468B83}.Release|Any CPU.ActiveCfg = Release|Any CPU
		{3EA63341-AA34-469F-B41C-048FB8468B83}.Release|Any CPU.Build.0 = Release|Any CPU
	EndGlobalSection
	GlobalSection(SolutionProperties) = preSolution
		HideSolutionNode = FALSE
	EndGlobalSection
	GlobalSection(ExtensibilityGlobals) = postSolution
		SolutionGuid = {30582424-0158-4634-AD95-D2D2DC447395}
	EndGlobalSection
EndGlobal
